// !$*UTF8*$!
{
	archiveVersion = 1;
	classes = {
	};
	objectVersion = 46;
	objects = {

/* Begin PBXBuildFile section */
		D2E9E4081A09B9DB005365F4 /* AppDelegate.swift in Sources */ = {isa = PBXBuildFile; fileRef = D2E9E4071A09B9DB005365F4 /* AppDelegate.swift */; };
		D2E9E40A1A09B9DB005365F4 /* ViewController.swift in Sources */ = {isa = PBXBuildFile; fileRef = D2E9E4091A09B9DB005365F4 /* ViewController.swift */; };
		D2E9E40D1A09B9DB005365F4 /* Main.storyboard in Resources */ = {isa = PBXBuildFile; fileRef = D2E9E40B1A09B9DB005365F4 /* Main.storyboard */; };
		D2E9E40F1A09B9DC005365F4 /* Images.xcassets in Resources */ = {isa = PBXBuildFile; fileRef = D2E9E40E1A09B9DC005365F4 /* Images.xcassets */; };
		D2E9E4121A09B9DC005365F4 /* LaunchScreen.xib in Resources */ = {isa = PBXBuildFile; fileRef = D2E9E4101A09B9DC005365F4 /* LaunchScreen.xib */; };
		D2E9E41E1A09B9DC005365F4 /* PostcardTests.swift in Sources */ = {isa = PBXBuildFile; fileRef = D2E9E41D1A09B9DC005365F4 /* PostcardTests.swift */; };
		D2E9E4281A09C31F005365F4 /* SagradaFamilia.jpeg in Resources */ = {isa = PBXBuildFile; fileRef = D2E9E4271A09C31F005365F4 /* SagradaFamilia.jpeg */; };
		D2E9E42A1A0A3E75005365F4 /* AlbertEinsteinStamp.jpg in Resources */ = {isa = PBXBuildFile; fileRef = D2E9E4291A0A3E75005365F4 /* AlbertEinsteinStamp.jpg */; };
/* End PBXBuildFile section */

/* Begin PBXContainerItemProxy section */
		D2E9E4181A09B9DC005365F4 /* PBXContainerItemProxy */ = {
			isa = PBXContainerItemProxy;
			containerPortal = D2E9E3FA1A09B9DB005365F4 /* Project object */;
			proxyType = 1;
			remoteGlobalIDString = D2E9E4011A09B9DB005365F4;
			remoteInfo = Postcard;
		};
/* End PBXContainerItemProxy section */

/* Begin PBXFileReference section */
		D2E9E4021A09B9DB005365F4 /* Postcard.app */ = {isa = PBXFileReference; explicitFileType = wrapper.application; includeInIndex = 0; path = Postcard.app; sourceTree = BUILT_PRODUCTS_DIR; };
		D2E9E4061A09B9DB005365F4 /* Info.plist */ = {isa = PBXFileReference; lastKnownFileType = text.plist.xml; path = Info.plist; sourceTree = "<group>"; };
		D2E9E4071A09B9DB005365F4 /* AppDelegate.swift */ = {isa = PBXFileReference; lastKnownFileType = sourcecode.swift; path = AppDelegate.swift; sourceTree = "<group>"; };
		D2E9E4091A09B9DB005365F4 /* ViewController.swift */ = {isa = PBXFileReference; lastKnownFileType = sourcecode.swift; path = ViewController.swift; sourceTree = "<group>"; };
		D2E9E40C1A09B9DB005365F4 /* Base */ = {isa = PBXFileReference; lastKnownFileType = file.storyboard; name = Base; path = Base.lproj/Main.storyboard; sourceTree = "<group>"; };
		D2E9E40E1A09B9DC005365F4 /* Images.xcassets */ = {isa = PBXFileReference; lastKnownFileType = folder.assetcatalog; path = Images.xcassets; sourceTree = "<group>"; };
		D2E9E4111A09B9DC005365F4 /* Base */ = {isa = PBXFileReference; lastKnownFileType = file.xib; name = Base; path = Base.lproj/LaunchScreen.xib; sourceTree = "<group>"; };
		D2E9E4171A09B9DC005365F4 /* PostcardTests.xctest */ = {isa = PBXFileReference; explicitFileType = wrapper.cfbundle; includeInIndex = 0; path = PostcardTests.xctest; sourceTree = BUILT_PRODUCTS_DIR; };
		D2E9E41C1A09B9DC005365F4 /* Info.plist */ = {isa = PBXFileReference; lastKnownFileType = text.plist.xml; path = Info.plist; sourceTree = "<group>"; };
		D2E9E41D1A09B9DC005365F4 /* PostcardTests.swift */ = {isa = PBXFileReference; lastKnownFileType = sourcecode.swift; path = PostcardTests.swift; sourceTree = "<group>"; };
		D2E9E4271A09C31F005365F4 /* SagradaFamilia.jpeg */ = {isa = PBXFileReference; lastKnownFileType = image.jpeg; path = SagradaFamilia.jpeg; sourceTree = "<group>"; };
		D2E9E4291A0A3E75005365F4 /* AlbertEinsteinStamp.jpg */ = {isa = PBXFileReference; lastKnownFileType = image.jpeg; path = AlbertEinsteinStamp.jpg; sourceTree = "<group>"; };
/* End PBXFileReference section */

/* Begin PBXFrameworksBuildPhase section */
		D2E9E3FF1A09B9DB005365F4 /* Frameworks */ = {
			isa = PBXFrameworksBuildPhase;
			buildActionMask = 2147483647;
			files = (
			);
			runOnlyForDeploymentPostprocessing = 0;
		};
		D2E9E4141A09B9DC005365F4 /* Frameworks */ = {
			isa = PBXFrameworksBuildPhase;
			buildActionMask = 2147483647;
			files = (
			);
			runOnlyForDeploymentPostprocessing = 0;
		};
/* End PBXFrameworksBuildPhase section */

/* Begin PBXGroup section */
		D2E9E3F91A09B9DB005365F4 = {
			isa = PBXGroup;
			children = (
				D2E9E4041A09B9DB005365F4 /* Postcard */,
				D2E9E41A1A09B9DC005365F4 /* PostcardTests */,
				D2E9E4031A09B9DB005365F4 /* Products */,
			);
			sourceTree = "<group>";
		};
		D2E9E4031A09B9DB005365F4 /* Products */ = {
			isa = PBXGroup;
			children = (
				D2E9E4021A09B9DB005365F4 /* Postcard.app */,
				D2E9E4171A09B9DC005365F4 /* PostcardTests.xctest */,
			);
			name = Products;
			sourceTree = "<group>";
		};
		D2E9E4041A09B9DB005365F4 /* Postcard */ = {
			isa = PBXGroup;
			children = (
				D2E9E4071A09B9DB005365F4 /* AppDelegate.swift */,
				D2E9E4091A09B9DB005365F4 /* ViewController.swift */,
				D2E9E40B1A09B9DB005365F4 /* Main.storyboard */,
				D2E9E40E1A09B9DC005365F4 /* Images.xcassets */,
				D2E9E4101A09B9DC005365F4 /* LaunchScreen.xib */,
				D2E9E4051A09B9DB005365F4 /* Supporting Files */,
			);
			path = Postcard;
			sourceTree = "<group>";
		};
		D2E9E4051A09B9DB005365F4 /* Supporting Files */ = {
			isa = PBXGroup;
			children = (
				D2E9E4291A0A3E75005365F4 /* AlbertEinsteinStamp.jpg */,
				D2E9E4271A09C31F005365F4 /* SagradaFamilia.jpeg */,
				D2E9E4061A09B9DB005365F4 /* Info.plist */,
			);
			name = "Supporting Files";
			sourceTree = "<group>";
		};
		D2E9E41A1A09B9DC005365F4 /* PostcardTests */ = {
			isa = PBXGroup;
			children = (
				D2E9E41D1A09B9DC005365F4 /* PostcardTests.swift */,
				D2E9E41B1A09B9DC005365F4 /* Supporting Files */,
			);
			path = PostcardTests;
			sourceTree = "<group>";
		};
		D2E9E41B1A09B9DC005365F4 /* Supporting Files */ = {
			isa = PBXGroup;
			children = (
				D2E9E41C1A09B9DC005365F4 /* Info.plist */,
			);
			name = "Supporting Files";
			sourceTree = "<group>";
		};
/* End PBXGroup section */

/* Begin PBXNativeTarget section */
		D2E9E4011A09B9DB005365F4 /* Postcard */ = {
			isa = PBXNativeTarget;
			buildConfigurationList = D2E9E4211A09B9DC005365F4 /* Build configuration list for PBXNativeTarget "Postcard" */;
			buildPhases = (
				D2E9E3FE1A09B9DB005365F4 /* Sources */,
				D2E9E3FF1A09B9DB005365F4 /* Frameworks */,
				D2E9E4001A09B9DB005365F4 /* Resources */,
			);
			buildRules = (
			);
			dependencies = (
			);
			name = Postcard;
			productName = Postcard;
			productReference = D2E9E4021A09B9DB005365F4 /* Postcard.app */;
			productType = "com.apple.product-type.application";
		};
		D2E9E4161A09B9DC005365F4 /* PostcardTests */ = {
			isa = PBXNativeTarget;
			buildConfigurationList = D2E9E4241A09B9DC005365F4 /* Build configuration list for PBXNativeTarget "PostcardTests" */;
			buildPhases = (
				D2E9E4131A09B9DC005365F4 /* Sources */,
				D2E9E4141A09B9DC005365F4 /* Frameworks */,
				D2E9E4151A09B9DC005365F4 /* Resources */,
			);
			buildRules = (
			);
			dependencies = (
				D2E9E4191A09B9DC005365F4 /* PBXTargetDependency */,
			);
			name = PostcardTests;
			productName = PostcardTests;
			productReference = D2E9E4171A09B9DC005365F4 /* PostcardTests.xctest */;
			productType = "com.apple.product-type.bundle.unit-test";
		};
/* End PBXNativeTarget section */

/* Begin PBXProject section */
		D2E9E3FA1A09B9DB005365F4 /* Project object */ = {
			isa = PBXProject;
			attributes = {
				LastUpgradeCheck = 0610;
				ORGANIZATIONNAME = "Russell Falcon";
				TargetAttributes = {
					D2E9E4011A09B9DB005365F4 = {
						CreatedOnToolsVersion = 6.1;
					};
					D2E9E4161A09B9DC005365F4 = {
						CreatedOnToolsVersion = 6.1;
						TestTargetID = D2E9E4011A09B9DB005365F4;
					};
				};
			};
			buildConfigurationList = D2E9E3FD1A09B9DB005365F4 /* Build configuration list for PBXProject "Postcard" */;
			compatibilityVersion = "Xcode 3.2";
			developmentRegion = English;
			hasScannedForEncodings = 0;
			knownRegions = (
				en,
				Base,
			);
			mainGroup = D2E9E3F91A09B9DB005365F4;
			productRefGroup = D2E9E4031A09B9DB005365F4 /* Products */;
			projectDirPath = "";
			projectRoot = "";
			targets = (
				D2E9E4011A09B9DB005365F4 /* Postcard */,
				D2E9E4161A09B9DC005365F4 /* PostcardTests */,
			);
		};
/* End PBXProject section */

/* Begin PBXResourcesBuildPhase section */
		D2E9E4001A09B9DB005365F4 /* Resources */ = {
			isa = PBXResourcesBuildPhase;
			buildActionMask = 2147483647;
			files = (
				D2E9E40D1A09B9DB005365F4 /* Main.storyboard in Resources */,
				D2E9E4281A09C31F005365F4 /* SagradaFamilia.jpeg in Resources */,
				D2E9E42A1A0A3E75005365F4 /* AlbertEinsteinStamp.jpg in Resources */,
				D2E9E4121A09B9DC005365F4 /* LaunchScreen.xib in Resources */,
				D2E9E40F1A09B9DC005365F4 /* Images.xcassets in Resources */,
			);
			runOnlyForDeploymentPostprocessing = 0;
		};
		D2E9E4151A09B9DC005365F4 /* Resources */ = {
			isa = PBXResourcesBuildPhase;
			buildActionMask = 2147483647;
			files = (
			);
			runOnlyForDeploymentPostprocessing = 0;
		};
/* End PBXResourcesBuildPhase section */

/* Begin PBXSourcesBuildPhase section */
		D2E9E3FE1A09B9DB005365F4 /* Sources */ = {
			isa = PBXSourcesBuildPhase;
			buildActionMask = 2147483647;
			files = (
				D2E9E40A1A09B9DB005365F4 /* ViewController.swift in Sources */,
				D2E9E4081A09B9DB005365F4 /* AppDelegate.swift in Sources */,
			);
			runOnlyForDeploymentPostprocessing = 0;
		};
		D2E9E4131A09B9DC005365F4 /* Sources */ = {
			isa = PBXSourcesBuildPhase;
			buildActionMask = 2147483647;
			files = (
				D2E9E41E1A09B9DC005365F4 /* PostcardTests.swift in Sources */,
			);
			runOnlyForDeploymentPostprocessing = 0;
		};
/* End PBXSourcesBuildPhase section */

/* Begin PBXTargetDependency section */
		D2E9E4191A09B9DC005365F4 /* PBXTargetDependency */ = {
			isa = PBXTargetDependency;
			target = D2E9E4011A09B9DB005365F4 /* Postcard */;
			targetProxy = D2E9E4181A09B9DC005365F4 /* PBXContainerItemProxy */;
		};
/* End PBXTargetDependency section */

/* Begin PBXVariantGroup section */
		D2E9E40B1A09B9DB005365F4 /* Main.storyboard */ = {
			isa = PBXVariantGroup;
			children = (
				D2E9E40C1A09B9DB005365F4 /* Base */,
			);
			name = Main.storyboard;
			sourceTree = "<group>";
		};
		D2E9E4101A09B9DC005365F4 /* LaunchScreen.xib */ = {
			isa = PBXVariantGroup;
			children = (
				D2E9E4111A09B9DC005365F4 /* Base */,
			);
			name = LaunchScreen.xib;
			sourceTree = "<group>";
		};
/* End PBXVariantGroup section */

/* Begin XCBuildConfiguration section */
		D2E9E41F1A09B9DC005365F4 /* Debug */ = {
			isa = XCBuildConfiguration;
			buildSettings = {
				ALWAYS_SEARCH_USER_PATHS = NO;
				CLANG_CXX_LANGUAGE_STANDARD = "gnu++0x";
				CLANG_CXX_LIBRARY = "libc++";
				CLANG_ENABLE_MODULES = YES;
				CLANG_ENABLE_OBJC_ARC = YES;
				CLANG_WARN_BOOL_CONVERSION = YES;
				CLANG_WARN_CONSTANT_CONVERSION = YES;
				CLANG_WARN_DIRECT_OBJC_ISA_USAGE = YES_ERROR;
				CLANG_WARN_EMPTY_BODY = YES;
				CLANG_WARN_ENUM_CONVERSION = YES;
				CLANG_WARN_INT_CONVERSION = YES;
				CLANG_WARN_OBJC_ROOT_CLASS = YES_ERROR;
				CLANG_WARN_UNREACHABLE_CODE = YES;
				CLANG_WARN__DUPLICATE_METHOD_MATCH = YES;
				"CODE_SIGN_IDENTITY[sdk=iphoneos*]" = "iPhone Developer";
				COPY_PHASE_STRIP = NO;
				ENABLE_STRICT_OBJC_MSGSEND = YES;
				GCC_C_LANGUAGE_STANDARD = gnu99;
				GCC_DYNAMIC_NO_PIC = NO;
				GCC_OPTIMIZATION_LEVEL = 0;
				GCC_PREPROCESSOR_DEFINITIONS = (
					"DEBUG=1",
					"$(inherited)",
				);
				GCC_SYMBOLS_PRIVATE_EXTERN = NO;
				GCC_WARN_64_TO_32_BIT_CONVERSION = YES;
				GCC_WARN_ABOUT_RETURN_TYPE = YES_ERROR;
				GCC_WARN_UNDECLARED_SELECTOR = YES;
				GCC_WARN_UNINITIALIZED_AUTOS = YES_AGGRESSIVE;
				GCC_WARN_UNUSED_FUNCTION = YES;
				GCC_WARN_UNUSED_VARIABLE = YES;
				IPHONEOS_DEPLOYMENT_TARGET = 8.1;
				MTL_ENABLE_DEBUG_INFO = YES;
				ONLY_ACTIVE_ARCH = YES;
				SDKROOT = iphoneos;
				SWIFT_OPTIMIZATION_LEVEL = "-Onone";
				TARGETED_DEVICE_FAMILY = "1,2";
			};
			name = Debug;
		};
		D2E9E4201A09B9DC005365F4 /* Release */ = {
			isa = XCBuildConfiguration;
			buildSettings = {
				ALWAYS_SEARCH_USER_PATHS = NO;
				CLANG_CXX_LANGUAGE_STANDARD = "gnu++0x";
				CLANG_CXX_LIBRARY = "libc++";
				CLANG_ENABLE_MODULES = YES;
				CLANG_ENABLE_OBJC_ARC = YES;
				CLANG_WARN_BOOL_CONVERSION = YES;
				CLANG_WARN_CONSTANT_CONVERSION = YES;
				CLANG_WARN_DIRECT_OBJC_ISA_USAGE = YES_ERROR;
				CLANG_WARN_EMPTY_BODY = YES;
				CLANG_WARN_ENUM_CONVERSION = YES;
				CLANG_WARN_INT_CONVERSION = YES;
				CLANG_WARN_OBJC_ROOT_CLASS = YES_ERROR;
				CLANG_WARN_UNREACHABLE_CODE = YES;
				CLANG_WARN__DUPLICATE_METHOD_MATCH = YES;
				"CODE_SIGN_IDENTITY[sdk=iphoneos*]" = "iPhone Developer";
				COPY_PHASE_STRIP = YES;
				ENABLE_NS_ASSERTIONS = NO;
				ENABLE_STRICT_OBJC_MSGSEND = YES;
				GCC_C_LANGUAGE_STANDARD = gnu99;
				GCC_WARN_64_TO_32_BIT_CONVERSION = YES;
				GCC_WARN_ABOUT_RETURN_TYPE = YES_ERROR;
				GCC_WARN_UNDECLARED_SELECTOR = YES;
				GCC_WARN_UNINITIALIZED_AUTOS = YES_AGGRESSIVE;
				GCC_WARN_UNUSED_FUNCTION = YES;
				GCC_WARN_UNUSED_VARIABLE = YES;
				IPHONEOS_DEPLOYMENT_TARGET = 8.1;
				MTL_ENABLE_DEBUG_INFO = NO;
				SDKROOT = iphoneos;
				TARGETED_DEVICE_FAMILY = "1,2";
				VALIDATE_PRODUCT = YES;
			};
			name = Release;
		};
		D2E9E4221A09B9DC005365F4 /* Debug */ = {
			isa = XCBuildConfiguration;
			buildSettings = {
				ASSETCATALOG_COMPILER_APPICON_NAME = AppIcon;
				INFOPLIST_FILE = Postcard/Info.plist;
				LD_RUNPATH_SEARCH_PATHS = "$(inherited) @executable_path/Frameworks";
				PRODUCT_NAME = "$(TARGET_NAME)";
			};
			name = Debug;
		};
		D2E9E4231A09B9DC005365F4 /* Release */ = {
			isa = XCBuildConfiguration;
			buildSettings = {
				ASSETCATALOG_COMPILER_APPICON_NAME = AppIcon;
				INFOPLIST_FILE = Postcard/Info.plist;
				LD_RUNPATH_SEARCH_PATHS = "$(inherited) @executable_path/Frameworks";
				PRODUCT_NAME = "$(TARGET_NAME)";
			};
			name = Release;
		};
		D2E9E4251A09B9DC005365F4 /* Debug */ = {
			isa = XCBuildConfiguration;
			buildSettings = {
				BUNDLE_LOADER = "$(TEST_HOST)";
				FRAMEWORK_SEARCH_PATHS = (
					"$(SDKROOT)/Developer/Library/Frameworks",
					"$(inherited)",
				);
				GCC_PREPROCESSOR_DEFINITIONS = (
					"DEBUG=1",
					"$(inherited)",
				);
				INFOPLIST_FILE = PostcardTests/Info.plist;
				LD_RUNPATH_SEARCH_PATHS = "$(inherited) @executable_path/Frameworks @loader_path/Frameworks";
				PRODUCT_NAME = "$(TARGET_NAME)";
				TEST_HOST = "$(BUILT_PRODUCTS_DIR)/Postcard.app/Postcard";
			};
			name = Debug;
		};
		D2E9E4261A09B9DC005365F4 /* Release */ = {
			isa = XCBuildConfiguration;
			buildSettings = {
				BUNDLE_LOADER = "$(TEST_HOST)";
				FRAMEWORK_SEARCH_PATHS = (
					"$(SDKROOT)/Developer/Library/Frameworks",
					"$(inherited)",
				);
				INFOPLIST_FILE = PostcardTests/Info.plist;
				LD_RUNPATH_SEARCH_PATHS = "$(inherited) @executable_path/Frameworks @loader_path/Frameworks";
				PRODUCT_NAME = "$(TARGET_NAME)";
				TEST_HOST = "$(BUILT_PRODUCTS_DIR)/Postcard.app/Postcard";
			};
			name = Release;
		};
/* End XCBuildConfiguration section */

/* Begin XCConfigurationList section */
		D2E9E3FD1A09B9DB005365F4 /* Build configuration list for PBXProject "Postcard" */ = {
			isa = XCConfigurationList;
			buildConfigurations = (
				D2E9E41F1A09B9DC005365F4 /* Debug */,
				D2E9E4201A09B9DC005365F4 /* Release */,
			);
			defaultConfigurationIsVisible = 0;
			defaultConfigurationName = Release;
		};
		D2E9E4211A09B9DC005365F4 /* Build configuration list for PBXNativeTarget "Postcard" */ = {
			isa = XCConfigurationList;
			buildConfigurations = (
				D2E9E4221A09B9DC005365F4 /* Debug */,
				D2E9E4231A09B9DC005365F4 /* Release */,
			);
			defaultConfigurationIsVisible = 0;
		};
		D2E9E4241A09B9DC005365F4 /* Build configuration list for PBXNativeTarget "PostcardTests" */ = {
			isa = XCConfigurationList;
			buildConfigurations = (
				D2E9E4251A09B9DC005365F4 /* Debug */,
				D2E9E4261A09B9DC005365F4 /* Release */,
			);
			defaultConfigurationIsVisible = 0;
		};
/* End XCConfigurationList section */
	};
	rootObject = D2E9E3FA1A09B9DB005365F4 /* Project object */;
}
